
Microsoft Visual Studio Solution File, Format Version 12.00
# Visual Studio Version 16
VisualStudioVersion = 16.0.31515.178
MinimumVisualStudioVersion = 10.0.40219.1
Project("{9A19103F-16F7-4668-BE54-9A1E7A4F7556}") = "Modalmais.Infra", "src\Modalmais.Infra\Modalmais.Infra.csproj", "{CFFDD845-390C-4D71-BE3A-F03182680481}"
EndProject
Project("{2150E333-8FDC-42A3-9474-1A3956D46DE8}") = "Test", "Test", "{A82C6B13-4646-426E-992E-8EBF897140A0}"
EndProject
Project("{9A19103F-16F7-4668-BE54-9A1E7A4F7556}") = "Modalmais.Test", "test\Modalmais.Test\Modalmais.Test.csproj", "{E4FDE104-0B8E-4655-A4E6-AB1EC4576E97}"
EndProject
Project("{9A19103F-16F7-4668-BE54-9A1E7A4F7556}") = "Modalmais.Business", "src\Modalmais.Business\Modalmais.Business.csproj", "{08583E31-0DB8-4568-B476-90E989B13CC3}"
EndProject
Project("{9A19103F-16F7-4668-BE54-9A1E7A4F7556}") = "Modalmais.API", "src\Modalmais.API\Modalmais.API.csproj", "{70E5CCBA-F651-4313-8B07-F0A11449DA0E}"
EndProject
Project("{2150E333-8FDC-42A3-9474-1A3956D46DE8}") = "Src", "Src", "{71226B9A-3532-47BF-AC87-963ABAD5376B}"
EndProject
Project("{E53339B2-1760-4266-BCC7-CA923CBCF16C}") = "docker-compose", "docker-compose.dcproj", "{9D716588-ECD2-40E6-86BB-41FED9446FFB}"
EndProject
Project("{9A19103F-16F7-4668-BE54-9A1E7A4F7556}") = "Modalmais.Transacoes.API", "src\Modalmais.Transacoes.API\Modalmais.Transacoes.API.csproj", "{FAFB0631-D669-4B38-A20C-751DAF8141DF}"
EndProject
Project("{9A19103F-16F7-4668-BE54-9A1E7A4F7556}") = "Modalmais.Core", "..\Modalmais.Core\Modalmais.Core.csproj", "{F57F532F-43C6-48A0-85D8-53FA1C1D7536}"
EndProject
Project("{2150E333-8FDC-42A3-9474-1A3956D46DE8}") = "Cadastros", "Cadastros", "{AB848497-53AC-4962-AFCE-F908CB1320FA}"
EndProject
Project("{2150E333-8FDC-42A3-9474-1A3956D46DE8}") = "Transacoes", "Transacoes", "{EBB62B4A-5FCA-43A0-93DB-DF34157AC2F4}"
EndProject
Global
	GlobalSection(SolutionConfigurationPlatforms) = preSolution
		Debug|Any CPU = Debug|Any CPU
		Release|Any CPU = Release|Any CPU
	EndGlobalSection
	GlobalSection(ProjectConfigurationPlatforms) = postSolution
		{CFFDD845-390C-4D71-BE3A-F03182680481}.Debug|Any CPU.ActiveCfg = Debug|Any CPU
		{CFFDD845-390C-4D71-BE3A-F03182680481}.Debug|Any CPU.Build.0 = Debug|Any CPU
		{CFFDD845-390C-4D71-BE3A-F03182680481}.Release|Any CPU.ActiveCfg = Release|Any CPU
		{CFFDD845-390C-4D71-BE3A-F03182680481}.Release|Any CPU.Build.0 = Release|Any CPU
		{E4FDE104-0B8E-4655-A4E6-AB1EC4576E97}.Debug|Any CPU.ActiveCfg = Debug|Any CPU
		{E4FDE104-0B8E-4655-A4E6-AB1EC4576E97}.Debug|Any CPU.Build.0 = Debug|Any CPU
		{E4FDE104-0B8E-4655-A4E6-AB1EC4576E97}.Release|Any CPU.ActiveCfg = Release|Any CPU
		{E4FDE104-0B8E-4655-A4E6-AB1EC4576E97}.Release|Any CPU.Build.0 = Release|Any CPU
		{08583E31-0DB8-4568-B476-90E989B13CC3}.Debug|Any CPU.ActiveCfg = Debug|Any CPU
		{08583E31-0DB8-4568-B476-90E989B13CC3}.Debug|Any CPU.Build.0 = Debug|Any CPU
		{08583E31-0DB8-4568-B476-90E989B13CC3}.Release|Any CPU.ActiveCfg = Release|Any CPU
		{08583E31-0DB8-4568-B476-90E989B13CC3}.Release|Any CPU.Build.0 = Release|Any CPU
		{70E5CCBA-F651-4313-8B07-F0A11449DA0E}.Debug|Any CPU.ActiveCfg = Debug|Any CPU
		{70E5CCBA-F651-4313-8B07-F0A11449DA0E}.Debug|Any CPU.Build.0 = Debug|Any CPU
		{70E5CCBA-F651-4313-8B07-F0A11449DA0E}.Release|Any CPU.ActiveCfg = Release|Any CPU
		{70E5CCBA-F651-4313-8B07-F0A11449DA0E}.Release|Any CPU.Build.0 = Release|Any CPU
		{9D716588-ECD2-40E6-86BB-41FED9446FFB}.Debug|Any CPU.ActiveCfg = Debug|Any CPU
		{9D716588-ECD2-40E6-86BB-41FED9446FFB}.Debug|Any CPU.Build.0 = Debug|Any CPU
		{9D716588-ECD2-40E6-86BB-41FED9446FFB}.Release|Any CPU.ActiveCfg = Release|Any CPU
		{9D716588-ECD2-40E6-86BB-41FED9446FFB}.Release|Any CPU.Build.0 = Release|Any CPU
		{FAFB0631-D669-4B38-A20C-751DAF8141DF}.Debug|Any CPU.ActiveCfg = Debug|Any CPU
		{FAFB0631-D669-4B38-A20C-751DAF8141DF}.Debug|Any CPU.Build.0 = Debug|Any CPU
		{FAFB0631-D669-4B38-A20C-751DAF8141DF}.Release|Any CPU.ActiveCfg = Release|Any CPU
		{FAFB0631-D669-4B38-A20C-751DAF8141DF}.Release|Any CPU.Build.0 = Release|Any CPU
		{F57F532F-43C6-48A0-85D8-53FA1C1D7536}.Debug|Any CPU.ActiveCfg = Debug|Any CPU
		{F57F532F-43C6-48A0-85D8-53FA1C1D7536}.Debug|Any CPU.Build.0 = Debug|Any CPU
		{F57F532F-43C6-48A0-85D8-53FA1C1D7536}.Release|Any CPU.ActiveCfg = Release|Any CPU
		{F57F532F-43C6-48A0-85D8-53FA1C1D7536}.Release|Any CPU.Build.0 = Release|Any CPU
	EndGlobalSection
	GlobalSection(SolutionProperties) = preSolution
		HideSolutionNode = FALSE
	EndGlobalSection
	GlobalSection(NestedProjects) = preSolution
		{CFFDD845-390C-4D71-BE3A-F03182680481} = {AB848497-53AC-4962-AFCE-F908CB1320FA}
		{E4FDE104-0B8E-4655-A4E6-AB1EC4576E97} = {A82C6B13-4646-426E-992E-8EBF897140A0}
		{08583E31-0DB8-4568-B476-90E989B13CC3} = {AB848497-53AC-4962-AFCE-F908CB1320FA}
		{70E5CCBA-F651-4313-8B07-F0A11449DA0E} = {AB848497-53AC-4962-AFCE-F908CB1320FA}
		{FAFB0631-D669-4B38-A20C-751DAF8141DF} = {EBB62B4A-5FCA-43A0-93DB-DF34157AC2F4}
		{F57F532F-43C6-48A0-85D8-53FA1C1D7536} = {AB848497-53AC-4962-AFCE-F908CB1320FA}
		{AB848497-53AC-4962-AFCE-F908CB1320FA} = {71226B9A-3532-47BF-AC87-963ABAD5376B}
		{EBB62B4A-5FCA-43A0-93DB-DF34157AC2F4} = {71226B9A-3532-47BF-AC87-963ABAD5376B}
	EndGlobalSection
	GlobalSection(ExtensibilityGlobals) = postSolution
		SolutionGuid = {72D811B0-5201-4403-84F0-97098F38CC19}
	EndGlobalSection
EndGlobal
